
Microsoft Visual Studio Solution File, Format Version 12.00
# Visual Studio Version 17
VisualStudioVersion = 17.7.34024.191
MinimumVisualStudioVersion = 10.0.40219.1
Project("{FAE04EC0-301F-11D3-BF4B-00C04F79EFBC}") = "01", "Softuiniada2024\01.csproj", "{A15C2435-EFE4-4B98-A453-8A28596FF86B}"
EndProject
Project("{FAE04EC0-301F-11D3-BF4B-00C04F79EFBC}") = "02.", "02\02..csproj", "{AAE86CEA-3E9E-4D10-B6E6-F8AD632968C3}"
EndProject
Project("{FAE04EC0-301F-11D3-BF4B-00C04F79EFBC}") = "03.", "03\03..csproj", "{0FE01026-0169-4479-A571-575E41DBAEEE}"
EndProject
Project("{FAE04EC0-301F-11D3-BF4B-00C04F79EFBC}") = "04.", "04\04..csproj", "{1EA1BD37-6C47-4F18-8676-A69F2C2C0BD6}"
EndProject
Project("{FAE04EC0-301F-11D3-BF4B-00C04F79EFBC}") = "05.", "05\05..csproj", "{4B3400DE-F135-42BF-8B04-DCF6AAC8B14D}"
EndProject
Project("{FAE04EC0-301F-11D3-BF4B-00C04F79EFBC}") = "06.", "06\06..csproj", "{47EBD769-6BE0-4026-B1F4-AF483A79871B}"
EndProject
Project("{FAE04EC0-301F-11D3-BF4B-00C04F79EFBC}") = "07.", "07\07..csproj", "{4FC09327-1359-457B-AC5A-5BCEBE600EB4}"
EndProject
Project("{FAE04EC0-301F-11D3-BF4B-00C04F79EFBC}") = "08.", "08\08..csproj", "{951DB318-226A-45BB-9231-D20E48CA1237}"
EndProject
Project("{FAE04EC0-301F-11D3-BF4B-00C04F79EFBC}") = "09.", "09\09..csproj", "{188D94DC-A736-40F9-884E-AAB35C590E41}"
EndProject
Project("{FAE04EC0-301F-11D3-BF4B-00C04F79EFBC}") = "10.", "10\10..csproj", "{39FF0DEE-610E-4FB6-AEE6-DCC85CBA7890}"
EndProject
Project("{FAE04EC0-301F-11D3-BF4B-00C04F79EFBC}") = "5a.", "5a\5a..csproj", "{610A5498-D26E-4D95-BE39-45C49CA07E02}"
EndProject
Project("{FAE04EC0-301F-11D3-BF4B-00C04F79EFBC}") = "07a.", "07a\07a..csproj", "{7BF34872-3D1F-457D-ACC7-6E8C8FE535BE}"
EndProject
Project("{FAE04EC0-301F-11D3-BF4B-00C04F79EFBC}") = "04a.", "04a\04a..csproj", "{FF903F75-B3BE-40FF-A32E-76AB081113CA}"
EndProject
Global
	GlobalSection(SolutionConfigurationPlatforms) = preSolution
		Debug|Any CPU = Debug|Any CPU
		Release|Any CPU = Release|Any CPU
	EndGlobalSection
	GlobalSection(ProjectConfigurationPlatforms) = postSolution
		{A15C2435-EFE4-4B98-A453-8A28596FF86B}.Debug|Any CPU.ActiveCfg = Debug|Any CPU
		{A15C2435-EFE4-4B98-A453-8A28596FF86B}.Debug|Any CPU.Build.0 = Debug|Any CPU
		{A15C2435-EFE4-4B98-A453-8A28596FF86B}.Release|Any CPU.ActiveCfg = Release|Any CPU
		{A15C2435-EFE4-4B98-A453-8A28596FF86B}.Release|Any CPU.Build.0 = Release|Any CPU
		{AAE86CEA-3E9E-4D10-B6E6-F8AD632968C3}.Debug|Any CPU.ActiveCfg = Debug|Any CPU
		{AAE86CEA-3E9E-4D10-B6E6-F8AD632968C3}.Debug|Any CPU.Build.0 = Debug|Any CPU
		{AAE86CEA-3E9E-4D10-B6E6-F8AD632968C3}.Release|Any CPU.ActiveCfg = Release|Any CPU
		{AAE86CEA-3E9E-4D10-B6E6-F8AD632968C3}.Release|Any CPU.Build.0 = Release|Any CPU
		{0FE01026-0169-4479-A571-575E41DBAEEE}.Debug|Any CPU.ActiveCfg = Debug|Any CPU
		{0FE01026-0169-4479-A571-575E41DBAEEE}.Debug|Any CPU.Build.0 = Debug|Any CPU
		{0FE01026-0169-4479-A571-575E41DBAEEE}.Release|Any CPU.ActiveCfg = Release|Any CPU
		{0FE01026-0169-4479-A571-575E41DBAEEE}.Release|Any CPU.Build.0 = Release|Any CPU
		{1EA1BD37-6C47-4F18-8676-A69F2C2C0BD6}.Debug|Any CPU.ActiveCfg = Debug|Any CPU
		{1EA1BD37-6C47-4F18-8676-A69F2C2C0BD6}.Debug|Any CPU.Build.0 = Debug|Any CPU
		{1EA1BD37-6C47-4F18-8676-A69F2C2C0BD6}.Release|Any CPU.ActiveCfg = Release|Any CPU
		{1EA1BD37-6C47-4F18-8676-A69F2C2C0BD6}.Release|Any CPU.Build.0 = Release|Any CPU
		{4B3400DE-F135-42BF-8B04-DCF6AAC8B14D}.Debug|Any CPU.ActiveCfg = Debug|Any CPU
		{4B3400DE-F135-42BF-8B04-DCF6AAC8B14D}.Debug|Any CPU.Build.0 = Debug|Any CPU
		{4B3400DE-F135-42BF-8B04-DCF6AAC8B14D}.Release|Any CPU.ActiveCfg = Release|Any CPU
		{4B3400DE-F135-42BF-8B04-DCF6AAC8B14D}.Release|Any CPU.Build.0 = Release|Any CPU
		{47EBD769-6BE0-4026-B1F4-AF483A79871B}.Debug|Any CPU.ActiveCfg = Debug|Any CPU
		{47EBD769-6BE0-4026-B1F4-AF483A79871B}.Debug|Any CPU.Build.0 = Debug|Any CPU
		{47EBD769-6BE0-4026-B1F4-AF483A79871B}.Release|Any CPU.ActiveCfg = Release|Any CPU
		{47EBD769-6BE0-4026-B1F4-AF483A79871B}.Release|Any CPU.Build.0 = Release|Any CPU
		{4FC09327-1359-457B-AC5A-5BCEBE600EB4}.Debug|Any CPU.ActiveCfg = Debug|Any CPU
		{4FC09327-1359-457B-AC5A-5BCEBE600EB4}.Debug|Any CPU.Build.0 = Debug|Any CPU
		{4FC09327-1359-457B-AC5A-5BCEBE600EB4}.Release|Any CPU.ActiveCfg = Release|Any CPU
		{4FC09327-1359-457B-AC5A-5BCEBE600EB4}.Release|Any CPU.Build.0 = Release|Any CPU
		{951DB318-226A-45BB-9231-D20E48CA1237}.Debug|Any CPU.ActiveCfg = Debug|Any CPU
		{951DB318-226A-45BB-9231-D20E48CA1237}.Debug|Any CPU.Build.0 = Debug|Any CPU
		{951DB318-226A-45BB-9231-D20E48CA1237}.Release|Any CPU.ActiveCfg = Release|Any CPU
		{951DB318-226A-45BB-9231-D20E48CA1237}.Release|Any CPU.Build.0 = Release|Any CPU
		{188D94DC-A736-40F9-884E-AAB35C590E41}.Debug|Any CPU.ActiveCfg = Debug|Any CPU
		{188D94DC-A736-40F9-884E-AAB35C590E41}.Debug|Any CPU.Build.0 = Debug|Any CPU
		{188D94DC-A736-40F9-884E-AAB35C590E41}.Release|Any CPU.ActiveCfg = Release|Any CPU
		{188D94DC-A736-40F9-884E-AAB35C590E41}.Release|Any CPU.Build.0 = Release|Any CPU
		{39FF0DEE-610E-4FB6-AEE6-DCC85CBA7890}.Debug|Any CPU.ActiveCfg = Debug|Any CPU
		{39FF0DEE-610E-4FB6-AEE6-DCC85CBA7890}.Debug|Any CPU.Build.0 = Debug|Any CPU
		{39FF0DEE-610E-4FB6-AEE6-DCC85CBA7890}.Release|Any CPU.ActiveCfg = Release|Any CPU
		{39FF0DEE-610E-4FB6-AEE6-DCC85CBA7890}.Release|Any CPU.Build.0 = Release|Any CPU
		{610A5498-D26E-4D95-BE39-45C49CA07E02}.Debug|Any CPU.ActiveCfg = Debug|Any CPU
		{610A5498-D26E-4D95-BE39-45C49CA07E02}.Debug|Any CPU.Build.0 = Debug|Any CPU
		{610A5498-D26E-4D95-BE39-45C49CA07E02}.Release|Any CPU.ActiveCfg = Release|Any CPU
		{610A5498-D26E-4D95-BE39-45C49CA07E02}.Release|Any CPU.Build.0 = Release|Any CPU
		{7BF34872-3D1F-457D-ACC7-6E8C8FE535BE}.Debug|Any CPU.ActiveCfg = Debug|Any CPU
		{7BF34872-3D1F-457D-ACC7-6E8C8FE535BE}.Debug|Any CPU.Build.0 = Debug|Any CPU
		{7BF34872-3D1F-457D-ACC7-6E8C8FE535BE}.Release|Any CPU.ActiveCfg = Release|Any CPU
		{7BF34872-3D1F-457D-ACC7-6E8C8FE535BE}.Release|Any CPU.Build.0 = Release|Any CPU
		{FF903F75-B3BE-40FF-A32E-76AB081113CA}.Debug|Any CPU.ActiveCfg = Debug|Any CPU
		{FF903F75-B3BE-40FF-A32E-76AB081113CA}.Debug|Any CPU.Build.0 = Debug|Any CPU
		{FF903F75-B3BE-40FF-A32E-76AB081113CA}.Release|Any CPU.ActiveCfg = Release|Any CPU
		{FF903F75-B3BE-40FF-A32E-76AB081113CA}.Release|Any CPU.Build.0 = Release|Any CPU
	EndGlobalSection
	GlobalSection(SolutionProperties) = preSolution
		HideSolutionNode = FALSE
	EndGlobalSection
	GlobalSection(ExtensibilityGlobals) = postSolution
		SolutionGuid = {0E2279A0-B32B-4945-AB13-483B351074DF}
	EndGlobalSection
EndGlobal
