
Microsoft Visual Studio Solution File, Format Version 12.00
# Visual Studio Version 17
VisualStudioVersion = 17.7.34024.191
MinimumVisualStudioVersion = 10.0.40219.1
Project("{FAE04EC0-301F-11D3-BF4B-00C04F79EFBC}") = "01.Stealer", "07.Reflection\01.Stealer.csproj", "{4B768462-84B4-42B0-8C53-2DE345317588}"
EndProject
Project("{FAE04EC0-301F-11D3-BF4B-00C04F79EFBC}") = "02.CreateAttribute", "02.CreateAttribute\02.CreateAttribute.csproj", "{A800708A-655D-4665-ADE0-3737F8714EDD}"
EndProject
Project("{9A19103F-16F7-4668-BE54-9A1E7A4F7556}") = "CommandPattern", "..\..\..\..\..\Downloads\01. Command Pattern_Skeleton_6.0\CommandPattern\CommandPattern.csproj", "{A909E3E4-FD92-4AF8-8A76-1E9EF88B2C1B}"
EndProject
Project("{9A19103F-16F7-4668-BE54-9A1E7A4F7556}") = "ValidationAttributes", "..\..\..\..\..\Downloads\01. Command Pattern_Skeleton_6.0\ValidationAttributes\ValidationAttributes.csproj", "{0F2BD813-51B8-4E1D-81A8-7A7C35F5B250}"
EndProject
Global
	GlobalSection(SolutionConfigurationPlatforms) = preSolution
		Debug|Any CPU = Debug|Any CPU
		Release|Any CPU = Release|Any CPU
	EndGlobalSection
	GlobalSection(ProjectConfigurationPlatforms) = postSolution
		{4B768462-84B4-42B0-8C53-2DE345317588}.Debug|Any CPU.ActiveCfg = Debug|Any CPU
		{4B768462-84B4-42B0-8C53-2DE345317588}.Debug|Any CPU.Build.0 = Debug|Any CPU
		{4B768462-84B4-42B0-8C53-2DE345317588}.Release|Any CPU.ActiveCfg = Release|Any CPU
		{4B768462-84B4-42B0-8C53-2DE345317588}.Release|Any CPU.Build.0 = Release|Any CPU
		{A800708A-655D-4665-ADE0-3737F8714EDD}.Debug|Any CPU.ActiveCfg = Debug|Any CPU
		{A800708A-655D-4665-ADE0-3737F8714EDD}.Debug|Any CPU.Build.0 = Debug|Any CPU
		{A800708A-655D-4665-ADE0-3737F8714EDD}.Release|Any CPU.ActiveCfg = Release|Any CPU
		{A800708A-655D-4665-ADE0-3737F8714EDD}.Release|Any CPU.Build.0 = Release|Any CPU
		{A909E3E4-FD92-4AF8-8A76-1E9EF88B2C1B}.Debug|Any CPU.ActiveCfg = Debug|Any CPU
		{A909E3E4-FD92-4AF8-8A76-1E9EF88B2C1B}.Debug|Any CPU.Build.0 = Debug|Any CPU
		{A909E3E4-FD92-4AF8-8A76-1E9EF88B2C1B}.Release|Any CPU.ActiveCfg = Release|Any CPU
		{A909E3E4-FD92-4AF8-8A76-1E9EF88B2C1B}.Release|Any CPU.Build.0 = Release|Any CPU
		{0F2BD813-51B8-4E1D-81A8-7A7C35F5B250}.Debug|Any CPU.ActiveCfg = Debug|Any CPU
		{0F2BD813-51B8-4E1D-81A8-7A7C35F5B250}.Debug|Any CPU.Build.0 = Debug|Any CPU
		{0F2BD813-51B8-4E1D-81A8-7A7C35F5B250}.Release|Any CPU.ActiveCfg = Release|Any CPU
		{0F2BD813-51B8-4E1D-81A8-7A7C35F5B250}.Release|Any CPU.Build.0 = Release|Any CPU
	EndGlobalSection
	GlobalSection(SolutionProperties) = preSolution
		HideSolutionNode = FALSE
	EndGlobalSection
	GlobalSection(ExtensibilityGlobals) = postSolution
		SolutionGuid = {BFB8C7DE-1FC0-4EDE-AD88-4BAA8C7DF665}
	EndGlobalSection
EndGlobal
