
Microsoft Visual Studio Solution File, Format Version 12.00
# Visual Studio Version 17
VisualStudioVersion = 17.11.35327.3
MinimumVisualStudioVersion = 10.0.40219.1
Project("{FAE04EC0-301F-11D3-BF4B-00C04F79EFBC}") = "01.List", "DataStructureIplementations\01.List.csproj", "{30452835-C28E-49B6-87A8-A95B94CC9666}"
EndProject
Project("{FAE04EC0-301F-11D3-BF4B-00C04F79EFBC}") = "02.LinkedList", "02.LinkedList\02.LinkedList.csproj", "{F9569B60-78B6-46EB-A999-5CA86A4881AA}"
EndProject
Project("{FAE04EC0-301F-11D3-BF4B-00C04F79EFBC}") = "10.MyDictionary", "10.MyDictionary\10.MyDictionary.csproj", "{83A0648B-D598-495B-A473-E4D5E5295FD7}"
EndProject
Global
	GlobalSection(SolutionConfigurationPlatforms) = preSolution
		Debug|Any CPU = Debug|Any CPU
		Release|Any CPU = Release|Any CPU
	EndGlobalSection
	GlobalSection(ProjectConfigurationPlatforms) = postSolution
		{30452835-C28E-49B6-87A8-A95B94CC9666}.Debug|Any CPU.ActiveCfg = Debug|Any CPU
		{30452835-C28E-49B6-87A8-A95B94CC9666}.Debug|Any CPU.Build.0 = Debug|Any CPU
		{30452835-C28E-49B6-87A8-A95B94CC9666}.Release|Any CPU.ActiveCfg = Release|Any CPU
		{30452835-C28E-49B6-87A8-A95B94CC9666}.Release|Any CPU.Build.0 = Release|Any CPU
		{F9569B60-78B6-46EB-A999-5CA86A4881AA}.Debug|Any CPU.ActiveCfg = Debug|Any CPU
		{F9569B60-78B6-46EB-A999-5CA86A4881AA}.Debug|Any CPU.Build.0 = Debug|Any CPU
		{F9569B60-78B6-46EB-A999-5CA86A4881AA}.Release|Any CPU.ActiveCfg = Release|Any CPU
		{F9569B60-78B6-46EB-A999-5CA86A4881AA}.Release|Any CPU.Build.0 = Release|Any CPU
		{83A0648B-D598-495B-A473-E4D5E5295FD7}.Debug|Any CPU.ActiveCfg = Debug|Any CPU
		{83A0648B-D598-495B-A473-E4D5E5295FD7}.Debug|Any CPU.Build.0 = Debug|Any CPU
		{83A0648B-D598-495B-A473-E4D5E5295FD7}.Release|Any CPU.ActiveCfg = Release|Any CPU
		{83A0648B-D598-495B-A473-E4D5E5295FD7}.Release|Any CPU.Build.0 = Release|Any CPU
	EndGlobalSection
	GlobalSection(SolutionProperties) = preSolution
		HideSolutionNode = FALSE
	EndGlobalSection
	GlobalSection(ExtensibilityGlobals) = postSolution
		SolutionGuid = {7D39199F-F17B-4601-9440-DB3EB1DC380A}
	EndGlobalSection
EndGlobal
