
Microsoft Visual Studio Solution File, Format Version 12.00
# Visual Studio Version 17
VisualStudioVersion = 17.10.35122.118
MinimumVisualStudioVersion = 10.0.40219.1
Project("{9A19103F-16F7-4668-BE54-9A1E7A4F7556}") = "Horizons", "Horizons\Horizons.csproj", "{4C6162D8-3EB4-4385-B4C5-6DC66FF05B39}"
EndProject
Project("{2150E333-8FDC-42A3-9474-1A3956D46DE8}") = "Services", "Services", "{CFE960F5-3083-4F61-9B82-4BCD52F52DBE}"
	ProjectSection(SolutionItems) = preProject
		IDestinationService.cs = IDestinationService.cs
	EndProjectSection
EndProject
Global
	GlobalSection(SolutionConfigurationPlatforms) = preSolution
		Debug|Any CPU = Debug|Any CPU
		Release|Any CPU = Release|Any CPU
	EndGlobalSection
	GlobalSection(ProjectConfigurationPlatforms) = postSolution
		{4C6162D8-3EB4-4385-B4C5-6DC66FF05B39}.Debug|Any CPU.ActiveCfg = Debug|Any CPU
		{4C6162D8-3EB4-4385-B4C5-6DC66FF05B39}.Debug|Any CPU.Build.0 = Debug|Any CPU
		{4C6162D8-3EB4-4385-B4C5-6DC66FF05B39}.Release|Any CPU.ActiveCfg = Release|Any CPU
		{4C6162D8-3EB4-4385-B4C5-6DC66FF05B39}.Release|Any CPU.Build.0 = Release|Any CPU
	EndGlobalSection
	GlobalSection(SolutionProperties) = preSolution
		HideSolutionNode = FALSE
	EndGlobalSection
	GlobalSection(ExtensibilityGlobals) = postSolution
		SolutionGuid = {1DC45BE4-BD41-4951-82C9-76C3F4E7A3C6}
	EndGlobalSection
EndGlobal
