
Microsoft Visual Studio Solution File, Format Version 12.00
# Visual Studio Version 17
VisualStudioVersion = 17.11.35327.3
MinimumVisualStudioVersion = 10.0.40219.1
Project("{9A19103F-16F7-4668-BE54-9A1E7A4F7556}") = "01.Sum", "01.Sum\01.Sum.csproj", "{AB384026-AE43-4EA8-8CB4-295F7D95DF4B}"
EndProject
Project("{9A19103F-16F7-4668-BE54-9A1E7A4F7556}") = "02.NFactorial", "NFactorial\02.NFactorial.csproj", "{88B0016F-B6E3-4C65-9688-E538872A8F50}"
EndProject
Project("{9A19103F-16F7-4668-BE54-9A1E7A4F7556}") = "03.Fibonachi", "Fibonachi\03.Fibonachi.csproj", "{429E5137-9BDD-46F8-8A85-8EC18A99B50C}"
EndProject
Project("{9A19103F-16F7-4668-BE54-9A1E7A4F7556}") = "04.GeneratingAllVectors", "04.RecursiveFactorial\04.GeneratingAllVectors.csproj", "{A7E5CE8D-2435-4E46-AA4D-206FD8340CFF}"
EndProject
Project("{9A19103F-16F7-4668-BE54-9A1E7A4F7556}") = "05.AllVectorwWithoutDublicating", "AllVectorwWithoutDublicating\05.AllVectorwWithoutDublicating.csproj", "{482BABE0-32F2-4A4D-91FC-935B79910FC3}"
EndProject
Project("{9A19103F-16F7-4668-BE54-9A1E7A4F7556}") = "06.AllUniqueGroups", "AllUniqueGroups\06.AllUniqueGroups.csproj", "{9B716801-D667-40FD-A49C-878E289D2DCC}"
EndProject
Project("{9A19103F-16F7-4668-BE54-9A1E7A4F7556}") = "07.AllUniqueGroupWithRepetition", "AllUniqueGroupWithRepetition\07.AllUniqueGroupWithRepetition.csproj", "{D8076215-10D1-489C-BEAF-914B7A2B9B82}"
EndProject
Project("{9A19103F-16F7-4668-BE54-9A1E7A4F7556}") = "10.AllPathsInMaze", "08.AllPathsInMaze\10.AllPathsInMaze.csproj", "{91CAD7B3-C2BD-4644-9693-2581366B3DBA}"
EndProject
Project("{9A19103F-16F7-4668-BE54-9A1E7A4F7556}") = "11.AllQueensProblem", "AllQueensProblem\11.AllQueensProblem.csproj", "{E914B69E-649E-4FAB-B293-4CF5FA18C0DB}"
EndProject
Project("{FAE04EC0-301F-11D3-BF4B-00C04F79EFBC}") = "04a", "04а\04a.csproj", "{7F89D866-153C-48E3-ADB8-37187949DE43}"
EndProject
Project("{FAE04EC0-301F-11D3-BF4B-00C04F79EFBC}") = "04b", "4b\04b.csproj", "{5AB938AD-DF27-4B1D-9A05-2347724DF954}"
EndProject
Project("{FAE04EC0-301F-11D3-BF4B-00C04F79EFBC}") = "03a", "03a\03a.csproj", "{2AEC8691-B7DB-410B-A526-ADCEA63E3285}"
EndProject
Project("{FAE04EC0-301F-11D3-BF4B-00C04F79EFBC}") = "05a", "05а\05a.csproj", "{91449E02-7277-43A2-B006-43F4583D831A}"
EndProject
Project("{FAE04EC0-301F-11D3-BF4B-00C04F79EFBC}") = "05b.", "05b\05b..csproj", "{6629CC87-E56B-42B0-B544-A9858394CE14}"
EndProject
Project("{FAE04EC0-301F-11D3-BF4B-00C04F79EFBC}") = "05c.", "05c\05c..csproj", "{AB212F20-9685-4550-AB1B-CCC02F0532B2}"
EndProject
Project("{FAE04EC0-301F-11D3-BF4B-00C04F79EFBC}") = "08.", "08\08..csproj", "{57F7013D-ADF7-4B01-8169-220E699B003F}"
EndProject
Project("{FAE04EC0-301F-11D3-BF4B-00C04F79EFBC}") = "12.AllMnenomicsInPhone", "12.AllMnenomicsInPhone\12.AllMnenomicsInPhone.csproj", "{BCC9016C-BC91-47BD-B10D-963AF2BB5450}"
EndProject
Project("{FAE04EC0-301F-11D3-BF4B-00C04F79EFBC}") = "13.SudokoSolver", "13.SudokoSolver\13.SudokoSolver.csproj", "{261077BC-4782-4280-ACAA-6D6E3FC6DBDE}"
EndProject
Global
	GlobalSection(SolutionConfigurationPlatforms) = preSolution
		Debug|Any CPU = Debug|Any CPU
		Release|Any CPU = Release|Any CPU
	EndGlobalSection
	GlobalSection(ProjectConfigurationPlatforms) = postSolution
		{AB384026-AE43-4EA8-8CB4-295F7D95DF4B}.Debug|Any CPU.ActiveCfg = Debug|Any CPU
		{AB384026-AE43-4EA8-8CB4-295F7D95DF4B}.Debug|Any CPU.Build.0 = Debug|Any CPU
		{AB384026-AE43-4EA8-8CB4-295F7D95DF4B}.Release|Any CPU.ActiveCfg = Release|Any CPU
		{AB384026-AE43-4EA8-8CB4-295F7D95DF4B}.Release|Any CPU.Build.0 = Release|Any CPU
		{88B0016F-B6E3-4C65-9688-E538872A8F50}.Debug|Any CPU.ActiveCfg = Debug|Any CPU
		{88B0016F-B6E3-4C65-9688-E538872A8F50}.Debug|Any CPU.Build.0 = Debug|Any CPU
		{88B0016F-B6E3-4C65-9688-E538872A8F50}.Release|Any CPU.ActiveCfg = Release|Any CPU
		{88B0016F-B6E3-4C65-9688-E538872A8F50}.Release|Any CPU.Build.0 = Release|Any CPU
		{429E5137-9BDD-46F8-8A85-8EC18A99B50C}.Debug|Any CPU.ActiveCfg = Debug|Any CPU
		{429E5137-9BDD-46F8-8A85-8EC18A99B50C}.Debug|Any CPU.Build.0 = Debug|Any CPU
		{429E5137-9BDD-46F8-8A85-8EC18A99B50C}.Release|Any CPU.ActiveCfg = Release|Any CPU
		{429E5137-9BDD-46F8-8A85-8EC18A99B50C}.Release|Any CPU.Build.0 = Release|Any CPU
		{A7E5CE8D-2435-4E46-AA4D-206FD8340CFF}.Debug|Any CPU.ActiveCfg = Debug|Any CPU
		{A7E5CE8D-2435-4E46-AA4D-206FD8340CFF}.Debug|Any CPU.Build.0 = Debug|Any CPU
		{A7E5CE8D-2435-4E46-AA4D-206FD8340CFF}.Release|Any CPU.ActiveCfg = Release|Any CPU
		{A7E5CE8D-2435-4E46-AA4D-206FD8340CFF}.Release|Any CPU.Build.0 = Release|Any CPU
		{482BABE0-32F2-4A4D-91FC-935B79910FC3}.Debug|Any CPU.ActiveCfg = Debug|Any CPU
		{482BABE0-32F2-4A4D-91FC-935B79910FC3}.Debug|Any CPU.Build.0 = Debug|Any CPU
		{482BABE0-32F2-4A4D-91FC-935B79910FC3}.Release|Any CPU.ActiveCfg = Release|Any CPU
		{482BABE0-32F2-4A4D-91FC-935B79910FC3}.Release|Any CPU.Build.0 = Release|Any CPU
		{9B716801-D667-40FD-A49C-878E289D2DCC}.Debug|Any CPU.ActiveCfg = Debug|Any CPU
		{9B716801-D667-40FD-A49C-878E289D2DCC}.Debug|Any CPU.Build.0 = Debug|Any CPU
		{9B716801-D667-40FD-A49C-878E289D2DCC}.Release|Any CPU.ActiveCfg = Release|Any CPU
		{9B716801-D667-40FD-A49C-878E289D2DCC}.Release|Any CPU.Build.0 = Release|Any CPU
		{D8076215-10D1-489C-BEAF-914B7A2B9B82}.Debug|Any CPU.ActiveCfg = Debug|Any CPU
		{D8076215-10D1-489C-BEAF-914B7A2B9B82}.Debug|Any CPU.Build.0 = Debug|Any CPU
		{D8076215-10D1-489C-BEAF-914B7A2B9B82}.Release|Any CPU.ActiveCfg = Release|Any CPU
		{D8076215-10D1-489C-BEAF-914B7A2B9B82}.Release|Any CPU.Build.0 = Release|Any CPU
		{91CAD7B3-C2BD-4644-9693-2581366B3DBA}.Debug|Any CPU.ActiveCfg = Debug|Any CPU
		{91CAD7B3-C2BD-4644-9693-2581366B3DBA}.Debug|Any CPU.Build.0 = Debug|Any CPU
		{91CAD7B3-C2BD-4644-9693-2581366B3DBA}.Release|Any CPU.ActiveCfg = Release|Any CPU
		{91CAD7B3-C2BD-4644-9693-2581366B3DBA}.Release|Any CPU.Build.0 = Release|Any CPU
		{E914B69E-649E-4FAB-B293-4CF5FA18C0DB}.Debug|Any CPU.ActiveCfg = Debug|Any CPU
		{E914B69E-649E-4FAB-B293-4CF5FA18C0DB}.Debug|Any CPU.Build.0 = Debug|Any CPU
		{E914B69E-649E-4FAB-B293-4CF5FA18C0DB}.Release|Any CPU.ActiveCfg = Release|Any CPU
		{E914B69E-649E-4FAB-B293-4CF5FA18C0DB}.Release|Any CPU.Build.0 = Release|Any CPU
		{7F89D866-153C-48E3-ADB8-37187949DE43}.Debug|Any CPU.ActiveCfg = Debug|Any CPU
		{7F89D866-153C-48E3-ADB8-37187949DE43}.Debug|Any CPU.Build.0 = Debug|Any CPU
		{7F89D866-153C-48E3-ADB8-37187949DE43}.Release|Any CPU.ActiveCfg = Release|Any CPU
		{7F89D866-153C-48E3-ADB8-37187949DE43}.Release|Any CPU.Build.0 = Release|Any CPU
		{5AB938AD-DF27-4B1D-9A05-2347724DF954}.Debug|Any CPU.ActiveCfg = Debug|Any CPU
		{5AB938AD-DF27-4B1D-9A05-2347724DF954}.Debug|Any CPU.Build.0 = Debug|Any CPU
		{5AB938AD-DF27-4B1D-9A05-2347724DF954}.Release|Any CPU.ActiveCfg = Release|Any CPU
		{5AB938AD-DF27-4B1D-9A05-2347724DF954}.Release|Any CPU.Build.0 = Release|Any CPU
		{2AEC8691-B7DB-410B-A526-ADCEA63E3285}.Debug|Any CPU.ActiveCfg = Debug|Any CPU
		{2AEC8691-B7DB-410B-A526-ADCEA63E3285}.Debug|Any CPU.Build.0 = Debug|Any CPU
		{2AEC8691-B7DB-410B-A526-ADCEA63E3285}.Release|Any CPU.ActiveCfg = Release|Any CPU
		{2AEC8691-B7DB-410B-A526-ADCEA63E3285}.Release|Any CPU.Build.0 = Release|Any CPU
		{91449E02-7277-43A2-B006-43F4583D831A}.Debug|Any CPU.ActiveCfg = Debug|Any CPU
		{91449E02-7277-43A2-B006-43F4583D831A}.Debug|Any CPU.Build.0 = Debug|Any CPU
		{91449E02-7277-43A2-B006-43F4583D831A}.Release|Any CPU.ActiveCfg = Release|Any CPU
		{91449E02-7277-43A2-B006-43F4583D831A}.Release|Any CPU.Build.0 = Release|Any CPU
		{6629CC87-E56B-42B0-B544-A9858394CE14}.Debug|Any CPU.ActiveCfg = Debug|Any CPU
		{6629CC87-E56B-42B0-B544-A9858394CE14}.Debug|Any CPU.Build.0 = Debug|Any CPU
		{6629CC87-E56B-42B0-B544-A9858394CE14}.Release|Any CPU.ActiveCfg = Release|Any CPU
		{6629CC87-E56B-42B0-B544-A9858394CE14}.Release|Any CPU.Build.0 = Release|Any CPU
		{AB212F20-9685-4550-AB1B-CCC02F0532B2}.Debug|Any CPU.ActiveCfg = Debug|Any CPU
		{AB212F20-9685-4550-AB1B-CCC02F0532B2}.Debug|Any CPU.Build.0 = Debug|Any CPU
		{AB212F20-9685-4550-AB1B-CCC02F0532B2}.Release|Any CPU.ActiveCfg = Release|Any CPU
		{AB212F20-9685-4550-AB1B-CCC02F0532B2}.Release|Any CPU.Build.0 = Release|Any CPU
		{57F7013D-ADF7-4B01-8169-220E699B003F}.Debug|Any CPU.ActiveCfg = Debug|Any CPU
		{57F7013D-ADF7-4B01-8169-220E699B003F}.Debug|Any CPU.Build.0 = Debug|Any CPU
		{57F7013D-ADF7-4B01-8169-220E699B003F}.Release|Any CPU.ActiveCfg = Release|Any CPU
		{57F7013D-ADF7-4B01-8169-220E699B003F}.Release|Any CPU.Build.0 = Release|Any CPU
		{BCC9016C-BC91-47BD-B10D-963AF2BB5450}.Debug|Any CPU.ActiveCfg = Debug|Any CPU
		{BCC9016C-BC91-47BD-B10D-963AF2BB5450}.Debug|Any CPU.Build.0 = Debug|Any CPU
		{BCC9016C-BC91-47BD-B10D-963AF2BB5450}.Release|Any CPU.ActiveCfg = Release|Any CPU
		{BCC9016C-BC91-47BD-B10D-963AF2BB5450}.Release|Any CPU.Build.0 = Release|Any CPU
		{261077BC-4782-4280-ACAA-6D6E3FC6DBDE}.Debug|Any CPU.ActiveCfg = Debug|Any CPU
		{261077BC-4782-4280-ACAA-6D6E3FC6DBDE}.Debug|Any CPU.Build.0 = Debug|Any CPU
		{261077BC-4782-4280-ACAA-6D6E3FC6DBDE}.Release|Any CPU.ActiveCfg = Release|Any CPU
		{261077BC-4782-4280-ACAA-6D6E3FC6DBDE}.Release|Any CPU.Build.0 = Release|Any CPU
	EndGlobalSection
	GlobalSection(SolutionProperties) = preSolution
		HideSolutionNode = FALSE
	EndGlobalSection
	GlobalSection(ExtensibilityGlobals) = postSolution
		SolutionGuid = {04D6FC5A-3093-4BB7-9C1F-AA913791088B}
	EndGlobalSection
EndGlobal
