
Microsoft Visual Studio Solution File, Format Version 12.00
# Visual Studio Version 17
VisualStudioVersion = 17.7.34024.191
MinimumVisualStudioVersion = 10.0.40219.1
Project("{FAE04EC0-301F-11D3-BF4B-00C04F79EFBC}") = "09.UnitTesting", "09.UnitTesting\09.UnitTesting.csproj", "{7EC62BD7-D85C-4279-B4F2-E02B6E5B4967}"
EndProject
Project("{FAE04EC0-301F-11D3-BF4B-00C04F79EFBC}") = "TestProject1", "TestProject1\TestProject1.csproj", "{09D747B3-7D78-448B-9B6F-EC8E7975972A}"
EndProject
Global
	GlobalSection(SolutionConfigurationPlatforms) = preSolution
		Debug|Any CPU = Debug|Any CPU
		Release|Any CPU = Release|Any CPU
	EndGlobalSection
	GlobalSection(ProjectConfigurationPlatforms) = postSolution
		{7EC62BD7-D85C-4279-B4F2-E02B6E5B4967}.Debug|Any CPU.ActiveCfg = Debug|Any CPU
		{7EC62BD7-D85C-4279-B4F2-E02B6E5B4967}.Debug|Any CPU.Build.0 = Debug|Any CPU
		{7EC62BD7-D85C-4279-B4F2-E02B6E5B4967}.Release|Any CPU.ActiveCfg = Release|Any CPU
		{7EC62BD7-D85C-4279-B4F2-E02B6E5B4967}.Release|Any CPU.Build.0 = Release|Any CPU
		{09D747B3-7D78-448B-9B6F-EC8E7975972A}.Debug|Any CPU.ActiveCfg = Debug|Any CPU
		{09D747B3-7D78-448B-9B6F-EC8E7975972A}.Debug|Any CPU.Build.0 = Debug|Any CPU
		{09D747B3-7D78-448B-9B6F-EC8E7975972A}.Release|Any CPU.ActiveCfg = Release|Any CPU
		{09D747B3-7D78-448B-9B6F-EC8E7975972A}.Release|Any CPU.Build.0 = Release|Any CPU
	EndGlobalSection
	GlobalSection(SolutionProperties) = preSolution
		HideSolutionNode = FALSE
	EndGlobalSection
	GlobalSection(ExtensibilityGlobals) = postSolution
		SolutionGuid = {8542E0D5-D212-4624-913A-7447CE2CA57A}
	EndGlobalSection
EndGlobal
